// !$*UTF8*$!
{
	archiveVersion = 1;
	classes = {
	};
	objectVersion = 46;
	objects = {

/* Begin PBXBuildFile section */
		871161AC1C1F4AC400A405E7 /* main.cpp in Sources */ = {isa = PBXBuildFile; fileRef = 871161AB1C1F4AC400A405E7 /* main.cpp */; };
		871161B41C1F4ACE00A405E7 /* pzb.cpp in Sources */ = {isa = PBXBuildFile; fileRef = 871161B21C1F4ACE00A405E7 /* pzb.cpp */; };
		8715E21D1E0FDC2400D5E3F8 /* libfragmentzip.0.dylib in Frameworks */ = {isa = PBXBuildFile; fileRef = 8715E21B1E0FDBB000D5E3F8 /* libfragmentzip.0.dylib */; };
		876DC4F21E77228C00A0D66B /* libcurl.tbd in Frameworks */ = {isa = PBXBuildFile; fileRef = 876DC4F11E77228C00A0D66B /* libcurl.tbd */; };
/* End PBXBuildFile section */

/* Begin PBXCopyFilesBuildPhase section */
		871161A61C1F4AC400A405E7 /* CopyFiles */ = {
			isa = PBXCopyFilesBuildPhase;
			buildActionMask = 2147483647;
			dstPath = /usr/share/man/man1/;
			dstSubfolderSpec = 0;
			files = (
			);
			runOnlyForDeploymentPostprocessing = 1;
		};
/* End PBXCopyFilesBuildPhase section */

/* Begin PBXFileReference section */
		871161A81C1F4AC400A405E7 /* pzb */ = {isa = PBXFileReference; explicitFileType = "compiled.mach-o.executable"; includeInIndex = 0; path = pzb; sourceTree = BUILT_PRODUCTS_DIR; };
		871161AB1C1F4AC400A405E7 /* main.cpp */ = {isa = PBXFileReference; lastKnownFileType = sourcecode.cpp.cpp; path = main.cpp; sourceTree = "<group>"; };
		871161B21C1F4ACE00A405E7 /* pzb.cpp */ = {isa = PBXFileReference; fileEncoding = 4; lastKnownFileType = sourcecode.cpp.cpp; path = pzb.cpp; sourceTree = "<group>"; };
		871161B31C1F4ACE00A405E7 /* pzb.hpp */ = {isa = PBXFileReference; fileEncoding = 4; lastKnownFileType = sourcecode.cpp.h; path = pzb.hpp; sourceTree = "<group>"; };
		8715E21B1E0FDBB000D5E3F8 /* libfragmentzip.0.dylib */ = {isa = PBXFileReference; lastKnownFileType = "compiled.mach-o.dylib"; name = libfragmentzip.0.dylib; path = ../../../../usr/local/lib/libfragmentzip.0.dylib; sourceTree = "<group>"; };
		876DC4F11E77228C00A0D66B /* libcurl.tbd */ = {isa = PBXFileReference; lastKnownFileType = "sourcecode.text-based-dylib-definition"; name = libcurl.tbd; path = usr/lib/libcurl.tbd; sourceTree = SDKROOT; };
/* End PBXFileReference section */

/* Begin PBXFrameworksBuildPhase section */
		871161A51C1F4AC400A405E7 /* Frameworks */ = {
			isa = PBXFrameworksBuildPhase;
			buildActionMask = 2147483647;
			files = (
				876DC4F21E77228C00A0D66B /* libcurl.tbd in Frameworks */,
				8715E21D1E0FDC2400D5E3F8 /* libfragmentzip.0.dylib in Frameworks */,
			);
			runOnlyForDeploymentPostprocessing = 0;
		};
/* End PBXFrameworksBuildPhase section */

/* Begin PBXGroup section */
		8711619F1C1F4AC400A405E7 = {
			isa = PBXGroup;
			children = (
				871161AA1C1F4AC400A405E7 /* pzb */,
				871161A91C1F4AC400A405E7 /* Products */,
				87DBF8011E0FD4DE001ABCCB /* Frameworks */,
			);
			sourceTree = "<group>";
		};
		871161A91C1F4AC400A405E7 /* Products */ = {
			isa = PBXGroup;
			children = (
				871161A81C1F4AC400A405E7 /* pzb */,
			);
			name = Products;
			sourceTree = "<group>";
		};
		871161AA1C1F4AC400A405E7 /* pzb */ = {
			isa = PBXGroup;
			children = (
				871161B31C1F4ACE00A405E7 /* pzb.hpp */,
				871161B21C1F4ACE00A405E7 /* pzb.cpp */,
				871161AB1C1F4AC400A405E7 /* main.cpp */,
			);
			path = pzb;
			sourceTree = "<group>";
		};
		87DBF8011E0FD4DE001ABCCB /* Frameworks */ = {
			isa = PBXGroup;
			children = (
				876DC4F11E77228C00A0D66B /* libcurl.tbd */,
				8715E21B1E0FDBB000D5E3F8 /* libfragmentzip.0.dylib */,
			);
			name = Frameworks;
			sourceTree = "<group>";
		};
/* End PBXGroup section */

/* Begin PBXNativeTarget section */
		871161A71C1F4AC400A405E7 /* pzb */ = {
			isa = PBXNativeTarget;
			buildConfigurationList = 871161AF1C1F4AC400A405E7 /* Build configuration list for PBXNativeTarget "pzb" */;
			buildPhases = (
				871161A41C1F4AC400A405E7 /* Sources */,
				871161A51C1F4AC400A405E7 /* Frameworks */,
				871161A61C1F4AC400A405E7 /* CopyFiles */,
			);
			buildRules = (
			);
			dependencies = (
			);
			name = pzb;
			productName = pzb;
			productReference = 871161A81C1F4AC400A405E7 /* pzb */;
			productType = "com.apple.product-type.tool";
		};
/* End PBXNativeTarget section */

/* Begin PBXProject section */
		871161A01C1F4AC400A405E7 /* Project object */ = {
			isa = PBXProject;
			attributes = {
				LastUpgradeCheck = 0820;
				ORGANIZATIONNAME = tihmstar;
				TargetAttributes = {
					871161A71C1F4AC400A405E7 = {
						CreatedOnToolsVersion = 7.2;
					};
				};
			};
			buildConfigurationList = 871161A31C1F4AC400A405E7 /* Build configuration list for PBXProject "pzb" */;
			compatibilityVersion = "Xcode 3.2";
			developmentRegion = English;
			hasScannedForEncodings = 0;
			knownRegions = (
				en,
			);
			mainGroup = 8711619F1C1F4AC400A405E7;
			productRefGroup = 871161A91C1F4AC400A405E7 /* Products */;
			projectDirPath = "";
			projectRoot = "";
			targets = (
				871161A71C1F4AC400A405E7 /* pzb */,
			);
		};
/* End PBXProject section */

/* Begin PBXSourcesBuildPhase section */
		871161A41C1F4AC400A405E7 /* Sources */ = {
			isa = PBXSourcesBuildPhase;
			buildActionMask = 2147483647;
			files = (
				871161B41C1F4ACE00A405E7 /* pzb.cpp in Sources */,
				871161AC1C1F4AC400A405E7 /* main.cpp in Sources */,
			);
			runOnlyForDeploymentPostprocessing = 0;
		};
/* End PBXSourcesBuildPhase section */

/* Begin XCBuildConfiguration section */
		871161AD1C1F4AC400A405E7 /* Debug */ = {
			isa = XCBuildConfiguration;
			buildSettings = {
				ALWAYS_SEARCH_USER_PATHS = NO;
				CLANG_CXX_LANGUAGE_STANDARD = "gnu++0x";
				CLANG_CXX_LIBRARY = "libc++";
				CLANG_ENABLE_MODULES = YES;
				CLANG_ENABLE_OBJC_ARC = YES;
				CLANG_WARN_BOOL_CONVERSION = YES;
				CLANG_WARN_CONSTANT_CONVERSION = YES;
				CLANG_WARN_DIRECT_OBJC_ISA_USAGE = YES_ERROR;
				CLANG_WARN_EMPTY_BODY = YES;
				CLANG_WARN_ENUM_CONVERSION = YES;
				CLANG_WARN_INFINITE_RECURSION = YES;
				CLANG_WARN_INT_CONVERSION = YES;
				CLANG_WARN_OBJC_ROOT_CLASS = YES_ERROR;
				CLANG_WARN_SUSPICIOUS_MOVE = YES;
				CLANG_WARN_UNREACHABLE_CODE = YES;
				CLANG_WARN__DUPLICATE_METHOD_MATCH = YES;
				CODE_SIGN_IDENTITY = "-";
				COPY_PHASE_STRIP = NO;
				DEBUG_INFORMATION_FORMAT = dwarf;
				ENABLE_STRICT_OBJC_MSGSEND = YES;
				ENABLE_TESTABILITY = YES;
				GCC_C_LANGUAGE_STANDARD = gnu99;
				GCC_DYNAMIC_NO_PIC = NO;
				GCC_NO_COMMON_BLOCKS = YES;
				GCC_OPTIMIZATION_LEVEL = 0;
				GCC_PREPROCESSOR_DEFINITIONS = (
					"DEBUG=1",
					"$(inherited)",
				);
				GCC_WARN_64_TO_32_BIT_CONVERSION = YES;
				GCC_WARN_ABOUT_RETURN_TYPE = YES_ERROR;
				GCC_WARN_UNDECLARED_SELECTOR = YES;
				GCC_WARN_UNINITIALIZED_AUTOS = YES_AGGRESSIVE;
				GCC_WARN_UNUSED_FUNCTION = YES;
				GCC_WARN_UNUSED_VARIABLE = YES;
				MACOSX_DEPLOYMENT_TARGET = 10.11;
				MTL_ENABLE_DEBUG_INFO = YES;
				ONLY_ACTIVE_ARCH = YES;
				SDKROOT = macosx;
			};
			name = Debug;
		};
		871161AE1C1F4AC400A405E7 /* Release */ = {
			isa = XCBuildConfiguration;
			buildSettings = {
				ALWAYS_SEARCH_USER_PATHS = NO;
				CLANG_CXX_LANGUAGE_STANDARD = "gnu++0x";
				CLANG_CXX_LIBRARY = "libc++";
				CLANG_ENABLE_MODULES = YES;
				CLANG_ENABLE_OBJC_ARC = YES;
				CLANG_WARN_BOOL_CONVERSION = YES;
				CLANG_WARN_CONSTANT_CONVERSION = YES;
				CLANG_WARN_DIRECT_OBJC_ISA_USAGE = YES_ERROR;
				CLANG_WARN_EMPTY_BODY = YES;
				CLANG_WARN_ENUM_CONVERSION = YES;
				CLANG_WARN_INFINITE_RECURSION = YES;
				CLANG_WARN_INT_CONVERSION = YES;
				CLANG_WARN_OBJC_ROOT_CLASS = YES_ERROR;
				CLANG_WARN_SUSPICIOUS_MOVE = YES;
				CLANG_WARN_UNREACHABLE_CODE = YES;
				CLANG_WARN__DUPLICATE_METHOD_MATCH = YES;
				CODE_SIGN_IDENTITY = "-";
				COPY_PHASE_STRIP = NO;
				DEBUG_INFORMATION_FORMAT = "dwarf-with-dsym";
				ENABLE_NS_ASSERTIONS = NO;
				ENABLE_STRICT_OBJC_MSGSEND = YES;
				GCC_C_LANGUAGE_STANDARD = gnu99;
				GCC_NO_COMMON_BLOCKS = YES;
				GCC_WARN_64_TO_32_BIT_CONVERSION = YES;
				GCC_WARN_ABOUT_RETURN_TYPE = YES_ERROR;
				GCC_WARN_UNDECLARED_SELECTOR = YES;
				GCC_WARN_UNINITIALIZED_AUTOS = YES_AGGRESSIVE;
				GCC_WARN_UNUSED_FUNCTION = YES;
				GCC_WARN_UNUSED_VARIABLE = YES;
				MACOSX_DEPLOYMENT_TARGET = 10.11;
				MTL_ENABLE_DEBUG_INFO = NO;
				SDKROOT = macosx;
			};
			name = Release;
		};
		871161B01C1F4AC400A405E7 /* Debug */ = {
			isa = XCBuildConfiguration;
			buildSettings = {
				ALWAYS_SEARCH_USER_PATHS = YES;
				HEADER_SEARCH_PATHS = /usr/local/include;
				LIBRARY_SEARCH_PATHS = /usr/local/lib;
				PRODUCT_NAME = "$(TARGET_NAME)";
			};
			name = Debug;
		};
		871161B11C1F4AC400A405E7 /* Release */ = {
			isa = XCBuildConfiguration;
			buildSettings = {
				ALWAYS_SEARCH_USER_PATHS = YES;
				HEADER_SEARCH_PATHS = /usr/local/include;
				LIBRARY_SEARCH_PATHS = /usr/local/lib;
				PRODUCT_NAME = "$(TARGET_NAME)";
			};
			name = Release;
		};
/* End XCBuildConfiguration section */

/* Begin XCConfigurationList section */
		871161A31C1F4AC400A405E7 /* Build configuration list for PBXProject "pzb" */ = {
			isa = XCConfigurationList;
			buildConfigurations = (
				871161AD1C1F4AC400A405E7 /* Debug */,
				871161AE1C1F4AC400A405E7 /* Release */,
			);
			defaultConfigurationIsVisible = 0;
			defaultConfigurationName = Release;
		};
		871161AF1C1F4AC400A405E7 /* Build configuration list for PBXNativeTarget "pzb" */ = {
			isa = XCConfigurationList;
			buildConfigurations = (
				871161B01C1F4AC400A405E7 /* Debug */,
				871161B11C1F4AC400A405E7 /* Release */,
			);
			defaultConfigurationIsVisible = 0;
			defaultConfigurationName = Release;
		};
/* End XCConfigurationList section */
	};
	rootObject = 871161A01C1F4AC400A405E7 /* Project object */;
}
